// !$*UTF8*$!
{
	archiveVersion = 1;
	classes = {
	};
	objectVersion = 56;
	objects = {

/* Begin PBXBuildFile section */
		78389EB62A0AC13000363FCD /* DetailCharacterViewController.swift in Sources */ = {isa = PBXBuildFile; fileRef = 78389EB52A0AC13000363FCD /* DetailCharacterViewController.swift */; };
		78389EB82A0ACA9000363FCD /* Extension + UIViewController.swift in Sources */ = {isa = PBXBuildFile; fileRef = 78389EB72A0ACA9000363FCD /* Extension + UIViewController.swift */; };
		7847B7162A0930FA0077ED0D /* MainViewController.swift in Sources */ = {isa = PBXBuildFile; fileRef = 7847B7152A0930FA0077ED0D /* MainViewController.swift */; };
		784A824D2A0D1B2400820F0E /* EpisodeListViewController.swift in Sources */ = {isa = PBXBuildFile; fileRef = 784A824C2A0D1B2400820F0E /* EpisodeListViewController.swift */; };
		78A44FA92A068844002E5B33 /* AppDelegate.swift in Sources */ = {isa = PBXBuildFile; fileRef = 78A44FA82A068844002E5B33 /* AppDelegate.swift */; };
		78A44FAB2A068844002E5B33 /* SceneDelegate.swift in Sources */ = {isa = PBXBuildFile; fileRef = 78A44FAA2A068844002E5B33 /* SceneDelegate.swift */; };
		78A44FAD2A068844002E5B33 /* CharactersViewController.swift in Sources */ = {isa = PBXBuildFile; fileRef = 78A44FAC2A068844002E5B33 /* CharactersViewController.swift */; };
		78A44FB02A068844002E5B33 /* Main.storyboard in Resources */ = {isa = PBXBuildFile; fileRef = 78A44FAE2A068844002E5B33 /* Main.storyboard */; };
		78A44FB22A068845002E5B33 /* Assets.xcassets in Resources */ = {isa = PBXBuildFile; fileRef = 78A44FB12A068845002E5B33 /* Assets.xcassets */; };
		78A44FB52A068845002E5B33 /* LaunchScreen.storyboard in Resources */ = {isa = PBXBuildFile; fileRef = 78A44FB32A068845002E5B33 /* LaunchScreen.storyboard */; };
		78A44FC12A0689F1002E5B33 /* RickAndMorty.swift in Sources */ = {isa = PBXBuildFile; fileRef = 78A44FC02A0689F1002E5B33 /* RickAndMorty.swift */; };
		78A44FCD2A0693D3002E5B33 /* CharacterCell.swift in Sources */ = {isa = PBXBuildFile; fileRef = 78A44FCC2A0693D3002E5B33 /* CharacterCell.swift */; };
		78D5178B2A0A768900DA3BE4 /* NetworkManager.swift in Sources */ = {isa = PBXBuildFile; fileRef = 78D5178A2A0A768900DA3BE4 /* NetworkManager.swift */; };
/* End PBXBuildFile section */

/* Begin PBXFileReference section */
		78389EB52A0AC13000363FCD /* DetailCharacterViewController.swift */ = {isa = PBXFileReference; lastKnownFileType = sourcecode.swift; path = DetailCharacterViewController.swift; sourceTree = "<group>"; };
		78389EB72A0ACA9000363FCD /* Extension + UIViewController.swift */ = {isa = PBXFileReference; lastKnownFileType = sourcecode.swift; path = "Extension + UIViewController.swift"; sourceTree = "<group>"; };
		7847B7152A0930FA0077ED0D /* MainViewController.swift */ = {isa = PBXFileReference; lastKnownFileType = sourcecode.swift; name = MainViewController.swift; path = "Rick and Morty/ViewControllers/MainViewController.swift"; sourceTree = SOURCE_ROOT; };
		784A824C2A0D1B2400820F0E /* EpisodeListViewController.swift */ = {isa = PBXFileReference; lastKnownFileType = sourcecode.swift; name = EpisodeListViewController.swift; path = "Rick and Morty/ViewControllers/EpisodeListViewController.swift"; sourceTree = SOURCE_ROOT; };
		78A44FA52A068844002E5B33 /* Rick and Morty.app */ = {isa = PBXFileReference; explicitFileType = wrapper.application; includeInIndex = 0; path = "Rick and Morty.app"; sourceTree = BUILT_PRODUCTS_DIR; };
		78A44FA82A068844002E5B33 /* AppDelegate.swift */ = {isa = PBXFileReference; lastKnownFileType = sourcecode.swift; path = AppDelegate.swift; sourceTree = "<group>"; };
		78A44FAA2A068844002E5B33 /* SceneDelegate.swift */ = {isa = PBXFileReference; lastKnownFileType = sourcecode.swift; path = SceneDelegate.swift; sourceTree = "<group>"; };
		78A44FAC2A068844002E5B33 /* CharactersViewController.swift */ = {isa = PBXFileReference; lastKnownFileType = sourcecode.swift; path = CharactersViewController.swift; sourceTree = "<group>"; };
		78A44FAF2A068844002E5B33 /* Base */ = {isa = PBXFileReference; lastKnownFileType = file.storyboard; name = Base; path = Base.lproj/Main.storyboard; sourceTree = "<group>"; };
		78A44FB12A068845002E5B33 /* Assets.xcassets */ = {isa = PBXFileReference; lastKnownFileType = folder.assetcatalog; path = Assets.xcassets; sourceTree = "<group>"; };
		78A44FB42A068845002E5B33 /* Base */ = {isa = PBXFileReference; lastKnownFileType = file.storyboard; name = Base; path = Base.lproj/LaunchScreen.storyboard; sourceTree = "<group>"; };
		78A44FB62A068845002E5B33 /* Info.plist */ = {isa = PBXFileReference; lastKnownFileType = text.plist.xml; path = Info.plist; sourceTree = "<group>"; };
		78A44FC02A0689F1002E5B33 /* RickAndMorty.swift */ = {isa = PBXFileReference; lastKnownFileType = sourcecode.swift; path = RickAndMorty.swift; sourceTree = "<group>"; };
		78A44FCC2A0693D3002E5B33 /* CharacterCell.swift */ = {isa = PBXFileReference; lastKnownFileType = sourcecode.swift; path = CharacterCell.swift; sourceTree = "<group>"; };
		78D5178A2A0A768900DA3BE4 /* NetworkManager.swift */ = {isa = PBXFileReference; lastKnownFileType = sourcecode.swift; path = NetworkManager.swift; sourceTree = "<group>"; };
/* End PBXFileReference section */

/* Begin PBXFrameworksBuildPhase section */
		78A44FA22A068844002E5B33 /* Frameworks */ = {
			isa = PBXFrameworksBuildPhase;
			buildActionMask = 2147483647;
			files = (
			);
			runOnlyForDeploymentPostprocessing = 0;
		};
/* End PBXFrameworksBuildPhase section */

/* Begin PBXGroup section */
		78389EB92A0ACB5C00363FCD /* Extensions */ = {
			isa = PBXGroup;
			children = (
				78389EB72A0ACA9000363FCD /* Extension + UIViewController.swift */,
			);
			path = Extensions;
			sourceTree = "<group>";
		};
		78A44F9C2A068844002E5B33 = {
			isa = PBXGroup;
			children = (
				78A44FA72A068844002E5B33 /* Rick and Morty */,
				78A44FA62A068844002E5B33 /* Products */,
			);
			sourceTree = "<group>";
		};
		78A44FA62A068844002E5B33 /* Products */ = {
			isa = PBXGroup;
			children = (
				78A44FA52A068844002E5B33 /* Rick and Morty.app */,
			);
			name = Products;
			sourceTree = "<group>";
		};
		78A44FA72A068844002E5B33 /* Rick and Morty */ = {
			isa = PBXGroup;
			children = (
				78A44FBC2A06891B002E5B33 /* ViewControllers */,
				78A44FC22A0689F6002E5B33 /* Models */,
				78D5178C2A0A769600DA3BE4 /* Services */,
				78A44FBF2A06894B002E5B33 /* Storyboards */,
				78A44FC72A069261002E5B33 /* Views */,
				78A44FBE2A06893B002E5B33 /* Resources */,
				78A44FBD2A06892F002E5B33 /* App */,
				78389EB92A0ACB5C00363FCD /* Extensions */,
			);
			path = "Rick and Morty";
			sourceTree = "<group>";
		};
		78A44FBC2A06891B002E5B33 /* ViewControllers */ = {
			isa = PBXGroup;
			children = (
				7847B7152A0930FA0077ED0D /* MainViewController.swift */,
				78A44FAC2A068844002E5B33 /* CharactersViewController.swift */,
				78389EB52A0AC13000363FCD /* DetailCharacterViewController.swift */,
				784A824C2A0D1B2400820F0E /* EpisodeListViewController.swift */,
			);
			path = ViewControllers;
			sourceTree = "<group>";
		};
		78A44FBD2A06892F002E5B33 /* App */ = {
			isa = PBXGroup;
			children = (
				78A44FA82A068844002E5B33 /* AppDelegate.swift */,
				78A44FAA2A068844002E5B33 /* SceneDelegate.swift */,
				78A44FB62A068845002E5B33 /* Info.plist */,
			);
			path = App;
			sourceTree = "<group>";
		};
		78A44FBE2A06893B002E5B33 /* Resources */ = {
			isa = PBXGroup;
			children = (
				78A44FB12A068845002E5B33 /* Assets.xcassets */,
			);
			path = Resources;
			sourceTree = "<group>";
		};
		78A44FBF2A06894B002E5B33 /* Storyboards */ = {
			isa = PBXGroup;
			children = (
				78A44FAE2A068844002E5B33 /* Main.storyboard */,
				78A44FB32A068845002E5B33 /* LaunchScreen.storyboard */,
			);
			path = Storyboards;
			sourceTree = "<group>";
		};
		78A44FC22A0689F6002E5B33 /* Models */ = {
			isa = PBXGroup;
			children = (
				78A44FC02A0689F1002E5B33 /* RickAndMorty.swift */,
			);
			path = Models;
			sourceTree = "<group>";
		};
		78A44FC72A069261002E5B33 /* Views */ = {
			isa = PBXGroup;
			children = (
				78A44FCC2A0693D3002E5B33 /* CharacterCell.swift */,
			);
			path = Views;
			sourceTree = "<group>";
		};
		78D5178C2A0A769600DA3BE4 /* Services */ = {
			isa = PBXGroup;
			children = (
				78D5178A2A0A768900DA3BE4 /* NetworkManager.swift */,
			);
			path = Services;
			sourceTree = "<group>";
		};
/* End PBXGroup section */

/* Begin PBXNativeTarget section */
		78A44FA42A068844002E5B33 /* Rick and Morty */ = {
			isa = PBXNativeTarget;
			buildConfigurationList = 78A44FB92A068845002E5B33 /* Build configuration list for PBXNativeTarget "Rick and Morty" */;
			buildPhases = (
				78A44FA12A068844002E5B33 /* Sources */,
				78A44FA22A068844002E5B33 /* Frameworks */,
				78A44FA32A068844002E5B33 /* Resources */,
			);
			buildRules = (
			);
			dependencies = (
			);
			name = "Rick and Morty";
			productName = "Rick and Morty";
			productReference = 78A44FA52A068844002E5B33 /* Rick and Morty.app */;
			productType = "com.apple.product-type.application";
		};
/* End PBXNativeTarget section */

/* Begin PBXProject section */
		78A44F9D2A068844002E5B33 /* Project object */ = {
			isa = PBXProject;
			attributes = {
				BuildIndependentTargetsInParallel = 1;
				LastSwiftUpdateCheck = 1420;
				LastUpgradeCheck = 1420;
				TargetAttributes = {
					78A44FA42A068844002E5B33 = {
						CreatedOnToolsVersion = 14.2;
					};
				};
			};
			buildConfigurationList = 78A44FA02A068844002E5B33 /* Build configuration list for PBXProject "Rick and Morty" */;
			compatibilityVersion = "Xcode 14.0";
			developmentRegion = en;
			hasScannedForEncodings = 0;
			knownRegions = (
				en,
				Base,
			);
			mainGroup = 78A44F9C2A068844002E5B33;
			productRefGroup = 78A44FA62A068844002E5B33 /* Products */;
			projectDirPath = "";
			projectRoot = "";
			targets = (
				78A44FA42A068844002E5B33 /* Rick and Morty */,
			);
		};
/* End PBXProject section */

/* Begin PBXResourcesBuildPhase section */
		78A44FA32A068844002E5B33 /* Resources */ = {
			isa = PBXResourcesBuildPhase;
			buildActionMask = 2147483647;
			files = (
				78A44FB52A068845002E5B33 /* LaunchScreen.storyboard in Resources */,
				78A44FB22A068845002E5B33 /* Assets.xcassets in Resources */,
				78A44FB02A068844002E5B33 /* Main.storyboard in Resources */,
			);
			runOnlyForDeploymentPostprocessing = 0;
		};
/* End PBXResourcesBuildPhase section */

/* Begin PBXSourcesBuildPhase section */
		78A44FA12A068844002E5B33 /* Sources */ = {
			isa = PBXSourcesBuildPhase;
			buildActionMask = 2147483647;
			files = (
				78A44FAD2A068844002E5B33 /* CharactersViewController.swift in Sources */,
				78A44FA92A068844002E5B33 /* AppDelegate.swift in Sources */,
				784A824D2A0D1B2400820F0E /* EpisodeListViewController.swift in Sources */,
				78A44FAB2A068844002E5B33 /* SceneDelegate.swift in Sources */,
				78D5178B2A0A768900DA3BE4 /* NetworkManager.swift in Sources */,
				7847B7162A0930FA0077ED0D /* MainViewController.swift in Sources */,
				78389EB62A0AC13000363FCD /* DetailCharacterViewController.swift in Sources */,
				78389EB82A0ACA9000363FCD /* Extension + UIViewController.swift in Sources */,
				78A44FCD2A0693D3002E5B33 /* CharacterCell.swift in Sources */,
				78A44FC12A0689F1002E5B33 /* RickAndMorty.swift in Sources */,
			);
			runOnlyForDeploymentPostprocessing = 0;
		};
/* End PBXSourcesBuildPhase section */

/* Begin PBXVariantGroup section */
		78A44FAE2A068844002E5B33 /* Main.storyboard */ = {
			isa = PBXVariantGroup;
			children = (
				78A44FAF2A068844002E5B33 /* Base */,
			);
			name = Main.storyboard;
			sourceTree = "<group>";
		};
		78A44FB32A068845002E5B33 /* LaunchScreen.storyboard */ = {
			isa = PBXVariantGroup;
			children = (
				78A44FB42A068845002E5B33 /* Base */,
			);
			name = LaunchScreen.storyboard;
			sourceTree = "<group>";
		};
/* End PBXVariantGroup section */

/* Begin XCBuildConfiguration section */
		78A44FB72A068845002E5B33 /* Debug */ = {
			isa = XCBuildConfiguration;
			buildSettings = {
				ALWAYS_SEARCH_USER_PATHS = NO;
				CLANG_ANALYZER_NONNULL = YES;
				CLANG_ANALYZER_NUMBER_OBJECT_CONVERSION = YES_AGGRESSIVE;
				CLANG_CXX_LANGUAGE_STANDARD = "gnu++20";
				CLANG_ENABLE_MODULES = YES;
				CLANG_ENABLE_OBJC_ARC = YES;
				CLANG_ENABLE_OBJC_WEAK = YES;
				CLANG_WARN_BLOCK_CAPTURE_AUTORELEASING = YES;
				CLANG_WARN_BOOL_CONVERSION = YES;
				CLANG_WARN_COMMA = YES;
				CLANG_WARN_CONSTANT_CONVERSION = YES;
				CLANG_WARN_DEPRECATED_OBJC_IMPLEMENTATIONS = YES;
				CLANG_WARN_DIRECT_OBJC_ISA_USAGE = YES_ERROR;
				CLANG_WARN_DOCUMENTATION_COMMENTS = YES;
				CLANG_WARN_EMPTY_BODY = YES;
				CLANG_WARN_ENUM_CONVERSION = YES;
				CLANG_WARN_INFINITE_RECURSION = YES;
				CLANG_WARN_INT_CONVERSION = YES;
				CLANG_WARN_NON_LITERAL_NULL_CONVERSION = YES;
				CLANG_WARN_OBJC_IMPLICIT_RETAIN_SELF = YES;
				CLANG_WARN_OBJC_LITERAL_CONVERSION = YES;
				CLANG_WARN_OBJC_ROOT_CLASS = YES_ERROR;
				CLANG_WARN_QUOTED_INCLUDE_IN_FRAMEWORK_HEADER = YES;
				CLANG_WARN_RANGE_LOOP_ANALYSIS = YES;
				CLANG_WARN_STRICT_PROTOTYPES = YES;
				CLANG_WARN_SUSPICIOUS_MOVE = YES;
				CLANG_WARN_UNGUARDED_AVAILABILITY = YES_AGGRESSIVE;
				CLANG_WARN_UNREACHABLE_CODE = YES;
				CLANG_WARN__DUPLICATE_METHOD_MATCH = YES;
				COPY_PHASE_STRIP = NO;
				DEBUG_INFORMATION_FORMAT = dwarf;
				ENABLE_STRICT_OBJC_MSGSEND = YES;
				ENABLE_TESTABILITY = YES;
				GCC_C_LANGUAGE_STANDARD = gnu11;
				GCC_DYNAMIC_NO_PIC = NO;
				GCC_NO_COMMON_BLOCKS = YES;
				GCC_OPTIMIZATION_LEVEL = 0;
				GCC_PREPROCESSOR_DEFINITIONS = (
					"DEBUG=1",
					"$(inherited)",
				);
				GCC_WARN_64_TO_32_BIT_CONVERSION = YES;
				GCC_WARN_ABOUT_RETURN_TYPE = YES_ERROR;
				GCC_WARN_UNDECLARED_SELECTOR = YES;
				GCC_WARN_UNINITIALIZED_AUTOS = YES_AGGRESSIVE;
				GCC_WARN_UNUSED_FUNCTION = YES;
				GCC_WARN_UNUSED_VARIABLE = YES;
				IPHONEOS_DEPLOYMENT_TARGET = 16.2;
				MTL_ENABLE_DEBUG_INFO = INCLUDE_SOURCE;
				MTL_FAST_MATH = YES;
				ONLY_ACTIVE_ARCH = YES;
				SDKROOT = iphoneos;
				SWIFT_ACTIVE_COMPILATION_CONDITIONS = DEBUG;
				SWIFT_OPTIMIZATION_LEVEL = "-Onone";
			};
			name = Debug;
		};
		78A44FB82A068845002E5B33 /* Release */ = {
			isa = XCBuildConfiguration;
			buildSettings = {
				ALWAYS_SEARCH_USER_PATHS = NO;
				CLANG_ANALYZER_NONNULL = YES;
				CLANG_ANALYZER_NUMBER_OBJECT_CONVERSION = YES_AGGRESSIVE;
				CLANG_CXX_LANGUAGE_STANDARD = "gnu++20";
				CLANG_ENABLE_MODULES = YES;
				CLANG_ENABLE_OBJC_ARC = YES;
				CLANG_ENABLE_OBJC_WEAK = YES;
				CLANG_WARN_BLOCK_CAPTURE_AUTORELEASING = YES;
				CLANG_WARN_BOOL_CONVERSION = YES;
				CLANG_WARN_COMMA = YES;
				CLANG_WARN_CONSTANT_CONVERSION = YES;
				CLANG_WARN_DEPRECATED_OBJC_IMPLEMENTATIONS = YES;
				CLANG_WARN_DIRECT_OBJC_ISA_USAGE = YES_ERROR;
				CLANG_WARN_DOCUMENTATION_COMMENTS = YES;
				CLANG_WARN_EMPTY_BODY = YES;
				CLANG_WARN_ENUM_CONVERSION = YES;
				CLANG_WARN_INFINITE_RECURSION = YES;
				CLANG_WARN_INT_CONVERSION = YES;
				CLANG_WARN_NON_LITERAL_NULL_CONVERSION = YES;
				CLANG_WARN_OBJC_IMPLICIT_RETAIN_SELF = YES;
				CLANG_WARN_OBJC_LITERAL_CONVERSION = YES;
				CLANG_WARN_OBJC_ROOT_CLASS = YES_ERROR;
				CLANG_WARN_QUOTED_INCLUDE_IN_FRAMEWORK_HEADER = YES;
				CLANG_WARN_RANGE_LOOP_ANALYSIS = YES;
				CLANG_WARN_STRICT_PROTOTYPES = YES;
				CLANG_WARN_SUSPICIOUS_MOVE = YES;
				CLANG_WARN_UNGUARDED_AVAILABILITY = YES_AGGRESSIVE;
				CLANG_WARN_UNREACHABLE_CODE = YES;
				CLANG_WARN__DUPLICATE_METHOD_MATCH = YES;
				COPY_PHASE_STRIP = NO;
				DEBUG_INFORMATION_FORMAT = "dwarf-with-dsym";
				ENABLE_NS_ASSERTIONS = NO;
				ENABLE_STRICT_OBJC_MSGSEND = YES;
				GCC_C_LANGUAGE_STANDARD = gnu11;
				GCC_NO_COMMON_BLOCKS = YES;
				GCC_WARN_64_TO_32_BIT_CONVERSION = YES;
				GCC_WARN_ABOUT_RETURN_TYPE = YES_ERROR;
				GCC_WARN_UNDECLARED_SELECTOR = YES;
				GCC_WARN_UNINITIALIZED_AUTOS = YES_AGGRESSIVE;
				GCC_WARN_UNUSED_FUNCTION = YES;
				GCC_WARN_UNUSED_VARIABLE = YES;
				IPHONEOS_DEPLOYMENT_TARGET = 16.2;
				MTL_ENABLE_DEBUG_INFO = NO;
				MTL_FAST_MATH = YES;
				SDKROOT = iphoneos;
				SWIFT_COMPILATION_MODE = wholemodule;
				SWIFT_OPTIMIZATION_LEVEL = "-O";
				VALIDATE_PRODUCT = YES;
			};
			name = Release;
		};
		78A44FBA2A068845002E5B33 /* Debug */ = {
			isa = XCBuildConfiguration;
			buildSettings = {
				ASSETCATALOG_COMPILER_APPICON_NAME = AppIcon;
				ASSETCATALOG_COMPILER_GLOBAL_ACCENT_COLOR_NAME = AccentColor;
				CODE_SIGN_STYLE = Automatic;
				CURRENT_PROJECT_VERSION = 1;
				DEVELOPMENT_TEAM = 25H4N2RW85;
				GENERATE_INFOPLIST_FILE = YES;
				INFOPLIST_FILE = "Rick and Morty/App/Info.plist";
				INFOPLIST_KEY_UIApplicationSupportsIndirectInputEvents = YES;
				INFOPLIST_KEY_UILaunchStoryboardName = LaunchScreen;
				INFOPLIST_KEY_UIMainStoryboardFile = Main;
				INFOPLIST_KEY_UISupportedInterfaceOrientations = UIInterfaceOrientationPortrait;
				INFOPLIST_KEY_UISupportedInterfaceOrientations_iPad = "UIInterfaceOrientationLandscapeLeft UIInterfaceOrientationLandscapeRight UIInterfaceOrientationPortrait UIInterfaceOrientationPortraitUpsideDown";
				IPHONEOS_DEPLOYMENT_TARGET = 15.5;
				LD_RUNPATH_SEARCH_PATHS = (
					"$(inherited)",
					"@executable_path/Frameworks",
				);
				MARKETING_VERSION = 1.0;
				PRODUCT_BUNDLE_IDENTIFIER = "rukahand.Rick-and-Morty";
				PRODUCT_NAME = "$(TARGET_NAME)";
				SUPPORTED_PLATFORMS = "iphoneos iphonesimulator";
				SUPPORTS_MACCATALYST = NO;
				SUPPORTS_MAC_DESIGNED_FOR_IPHONE_IPAD = NO;
				SWIFT_EMIT_LOC_STRINGS = YES;
				SWIFT_VERSION = 5.0;
				TARGETED_DEVICE_FAMILY = 1;
			};
			name = Debug;
		};
		78A44FBB2A068845002E5B33 /* Release */ = {
			isa = XCBuildConfiguration;
			buildSettings = {
				ASSETCATALOG_COMPILER_APPICON_NAME = AppIcon;
				ASSETCATALOG_COMPILER_GLOBAL_ACCENT_COLOR_NAME = AccentColor;
				CODE_SIGN_STYLE = Automatic;
				CURRENT_PROJECT_VERSION = 1;
				DEVELOPMENT_TEAM = 25H4N2RW85;
				GENERATE_INFOPLIST_FILE = YES;
				INFOPLIST_FILE = "Rick and Morty/App/Info.plist";
				INFOPLIST_KEY_UIApplicationSupportsIndirectInputEvents = YES;
				INFOPLIST_KEY_UILaunchStoryboardName = LaunchScreen;
				INFOPLIST_KEY_UIMainStoryboardFile = Main;
				INFOPLIST_KEY_UISupportedInterfaceOrientations = UIInterfaceOrientationPortrait;
				INFOPLIST_KEY_UISupportedInterfaceOrientations_iPad = "UIInterfaceOrientationLandscapeLeft UIInterfaceOrientationLandscapeRight UIInterfaceOrientationPortrait UIInterfaceOrientationPortraitUpsideDown";
				IPHONEOS_DEPLOYMENT_TARGET = 15.5;
				LD_RUNPATH_SEARCH_PATHS = (
					"$(inherited)",
					"@executable_path/Frameworks",
				);
				MARKETING_VERSION = 1.0;
				PRODUCT_BUNDLE_IDENTIFIER = "rukahand.Rick-and-Morty";
				PRODUCT_NAME = "$(TARGET_NAME)";
				SUPPORTED_PLATFORMS = "iphoneos iphonesimulator";
				SUPPORTS_MACCATALYST = NO;
				SUPPORTS_MAC_DESIGNED_FOR_IPHONE_IPAD = NO;
				SWIFT_EMIT_LOC_STRINGS = YES;
				SWIFT_VERSION = 5.0;
				TARGETED_DEVICE_FAMILY = 1;
			};
			name = Release;
		};
/* End XCBuildConfiguration section */

/* Begin XCConfigurationList section */
		78A44FA02A068844002E5B33 /* Build configuration list for PBXProject "Rick and Morty" */ = {
			isa = XCConfigurationList;
			buildConfigurations = (
				78A44FB72A068845002E5B33 /* Debug */,
				78A44FB82A068845002E5B33 /* Release */,
			);
			defaultConfigurationIsVisible = 0;
			defaultConfigurationName = Release;
		};
		78A44FB92A068845002E5B33 /* Build configuration list for PBXNativeTarget "Rick and Morty" */ = {
			isa = XCConfigurationList;
			buildConfigurations = (
				78A44FBA2A068845002E5B33 /* Debug */,
				78A44FBB2A068845002E5B33 /* Release */,
			);
			defaultConfigurationIsVisible = 0;
			defaultConfigurationName = Release;
		};
/* End XCConfigurationList section */
	};
	rootObject = 78A44F9D2A068844002E5B33 /* Project object */;
}
